// !$*UTF8*$!
{
	archiveVersion = 1;
	classes = {
	};
	objectVersion = 77;
	objects = {

/* Begin PBXContainerItemProxy section */
		7D94EF662F3B8847007EA672 /* PBXContainerItemProxy */ = {
			isa = PBXContainerItemProxy;
			containerPortal = 7D94EF502F3B8846007EA672 /* Project object */;
			proxyType = 1;
			remoteGlobalIDString = 7D94EF572F3B8846007EA672;
			remoteInfo = "ECommerce With MVVM";
		};
		7D94EF702F3B8847007EA672 /* PBXContainerItemProxy */ = {
			isa = PBXContainerItemProxy;
			containerPortal = 7D94EF502F3B8846007EA672 /* Project object */;
			proxyType = 1;
			remoteGlobalIDString = 7D94EF572F3B8846007EA672;
			remoteInfo = "ECommerce With MVVM";
		};
/* End PBXContainerItemProxy section */

/* Begin PBXFileReference section */
		7D94EF582F3B8846007EA672 /* ECommerce With MVVM.app */ = {isa = PBXFileReference; explicitFileType = wrapper.application; includeInIndex = 0; path = "ECommerce With MVVM.app"; sourceTree = BUILT_PRODUCTS_DIR; };
		7D94EF652F3B8847007EA672 /* ECommerce With MVVMTests.xctest */ = {isa = PBXFileReference; explicitFileType = wrapper.cfbundle; includeInIndex = 0; path = "ECommerce With MVVMTests.xctest"; sourceTree = BUILT_PRODUCTS_DIR; };
		7D94EF6F2F3B8847007EA672 /* ECommerce With MVVMUITests.xctest */ = {isa = PBXFileReference; explicitFileType = wrapper.cfbundle; includeInIndex = 0; path = "ECommerce With MVVMUITests.xctest"; sourceTree = BUILT_PRODUCTS_DIR; };
/* End PBXFileReference section */

/* Begin PBXFileSystemSynchronizedRootGroup section */
		7D94EF5A2F3B8846007EA672 /* ECommerce With MVVM */ = {
			isa = PBXFileSystemSynchronizedRootGroup;
			path = "ECommerce With MVVM";
			sourceTree = "<group>";
		};
		7D94EF682F3B8847007EA672 /* ECommerce With MVVMTests */ = {
			isa = PBXFileSystemSynchronizedRootGroup;
			path = "ECommerce With MVVMTests";
			sourceTree = "<group>";
		};
		7D94EF722F3B8847007EA672 /* ECommerce With MVVMUITests */ = {
			isa = PBXFileSystemSynchronizedRootGroup;
			path = "ECommerce With MVVMUITests";
			sourceTree = "<group>";
		};
		7D94EF862F3CB958007EA672 /* Cart */ = {
			isa = PBXFileSystemSynchronizedRootGroup;
			path = Cart;
			sourceTree = "<group>";
		};
		7D94EF872F3CB95E007EA672 /* Shop */ = {
			isa = PBXFileSystemSynchronizedRootGroup;
			path = Shop;
			sourceTree = "<group>";
		};
		7D94EF882F3CB970007EA672 /* UI */ = {
			isa = PBXFileSystemSynchronizedRootGroup;
			path = UI;
			sourceTree = "<group>";
		};
/* End PBXFileSystemSynchronizedRootGroup section */

/* Begin PBXFrameworksBuildPhase section */
		7D94EF552F3B8846007EA672 /* Frameworks */ = {
			isa = PBXFrameworksBuildPhase;
			buildActionMask = 2147483647;
			files = (
			);
			runOnlyForDeploymentPostprocessing = 0;
		};
		7D94EF622F3B8847007EA672 /* Frameworks */ = {
			isa = PBXFrameworksBuildPhase;
			buildActionMask = 2147483647;
			files = (
			);
			runOnlyForDeploymentPostprocessing = 0;
		};
		7D94EF6C2F3B8847007EA672 /* Frameworks */ = {
			isa = PBXFrameworksBuildPhase;
			buildActionMask = 2147483647;
			files = (
			);
			runOnlyForDeploymentPostprocessing = 0;
		};
/* End PBXFrameworksBuildPhase section */

/* Begin PBXGroup section */
		7D94EF4F2F3B8846007EA672 = {
			isa = PBXGroup;
			children = (
				7D94EF882F3CB970007EA672 /* UI */,
				7D94EF872F3CB95E007EA672 /* Shop */,
				7D94EF862F3CB958007EA672 /* Cart */,
				7D94EF5A2F3B8846007EA672 /* ECommerce With MVVM */,
				7D94EF682F3B8847007EA672 /* ECommerce With MVVMTests */,
				7D94EF722F3B8847007EA672 /* ECommerce With MVVMUITests */,
				7D94EF592F3B8846007EA672 /* Products */,
			);
			sourceTree = "<group>";
		};
		7D94EF592F3B8846007EA672 /* Products */ = {
			isa = PBXGroup;
			children = (
				7D94EF582F3B8846007EA672 /* ECommerce With MVVM.app */,
				7D94EF652F3B8847007EA672 /* ECommerce With MVVMTests.xctest */,
				7D94EF6F2F3B8847007EA672 /* ECommerce With MVVMUITests.xctest */,
			);
			name = Products;
			sourceTree = "<group>";
		};
/* End PBXGroup section */

/* Begin PBXNativeTarget section */
		7D94EF572F3B8846007EA672 /* ECommerce With MVVM */ = {
			isa = PBXNativeTarget;
			buildConfigurationList = 7D94EF792F3B8847007EA672 /* Build configuration list for PBXNativeTarget "ECommerce With MVVM" */;
			buildPhases = (
				7D94EF542F3B8846007EA672 /* Sources */,
				7D94EF552F3B8846007EA672 /* Frameworks */,
				7D94EF562F3B8846007EA672 /* Resources */,
			);
			buildRules = (
			);
			dependencies = (
			);
			fileSystemSynchronizedGroups = (
				7D94EF5A2F3B8846007EA672 /* ECommerce With MVVM */,
				7D94EF862F3CB958007EA672 /* Cart */,
				7D94EF872F3CB95E007EA672 /* Shop */,
				7D94EF882F3CB970007EA672 /* UI */,
			);
			name = "ECommerce With MVVM";
			packageProductDependencies = (
			);
			productName = "ECommerce With MVVM";
			productReference = 7D94EF582F3B8846007EA672 /* ECommerce With MVVM.app */;
			productType = "com.apple.product-type.application";
		};
		7D94EF642F3B8847007EA672 /* ECommerce With MVVMTests */ = {
			isa = PBXNativeTarget;
			buildConfigurationList = 7D94EF7C2F3B8847007EA672 /* Build configuration list for PBXNativeTarget "ECommerce With MVVMTests" */;
			buildPhases = (
				7D94EF612F3B8847007EA672 /* Sources */,
				7D94EF622F3B8847007EA672 /* Frameworks */,
				7D94EF632F3B8847007EA672 /* Resources */,
			);
			buildRules = (
			);
			dependencies = (
				7D94EF672F3B8847007EA672 /* PBXTargetDependency */,
			);
			fileSystemSynchronizedGroups = (
				7D94EF682F3B8847007EA672 /* ECommerce With MVVMTests */,
			);
			name = "ECommerce With MVVMTests";
			packageProductDependencies = (
			);
			productName = "ECommerce With MVVMTests";
			productReference = 7D94EF652F3B8847007EA672 /* ECommerce With MVVMTests.xctest */;
			productType = "com.apple.product-type.bundle.unit-test";
		};
		7D94EF6E2F3B8847007EA672 /* ECommerce With MVVMUITests */ = {
			isa = PBXNativeTarget;
			buildConfigurationList = 7D94EF7F2F3B8847007EA672 /* Build configuration list for PBXNativeTarget "ECommerce With MVVMUITests" */;
			buildPhases = (
				7D94EF6B2F3B8847007EA672 /* Sources */,
				7D94EF6C2F3B8847007EA672 /* Frameworks */,
				7D94EF6D2F3B8847007EA672 /* Resources */,
			);
			buildRules = (
			);
			dependencies = (
				7D94EF712F3B8847007EA672 /* PBXTargetDependency */,
			);
			fileSystemSynchronizedGroups = (
				7D94EF722F3B8847007EA672 /* ECommerce With MVVMUITests */,
			);
			name = "ECommerce With MVVMUITests";
			packageProductDependencies = (
			);
			productName = "ECommerce With MVVMUITests";
			productReference = 7D94EF6F2F3B8847007EA672 /* ECommerce With MVVMUITests.xctest */;
			productType = "com.apple.product-type.bundle.ui-testing";
		};
/* End PBXNativeTarget section */

/* Begin PBXProject section */
		7D94EF502F3B8846007EA672 /* Project object */ = {
			isa = PBXProject;
			attributes = {
				BuildIndependentTargetsInParallel = 1;
				LastSwiftUpdateCheck = 2620;
				LastUpgradeCheck = 2620;
				TargetAttributes = {
					7D94EF572F3B8846007EA672 = {
						CreatedOnToolsVersion = 26.2;
					};
					7D94EF642F3B8847007EA672 = {
						CreatedOnToolsVersion = 26.2;
						TestTargetID = 7D94EF572F3B8846007EA672;
					};
					7D94EF6E2F3B8847007EA672 = {
						CreatedOnToolsVersion = 26.2;
						TestTargetID = 7D94EF572F3B8846007EA672;
					};
				};
			};
			buildConfigurationList = 7D94EF532F3B8846007EA672 /* Build configuration list for PBXProject "ECommerce With MVVM" */;
			developmentRegion = en;
			hasScannedForEncodings = 0;
			knownRegions = (
				en,
				Base,
			);
			mainGroup = 7D94EF4F2F3B8846007EA672;
			minimizedProjectReferenceProxies = 1;
			preferredProjectObjectVersion = 77;
			productRefGroup = 7D94EF592F3B8846007EA672 /* Products */;
			projectDirPath = "";
			projectRoot = "";
			targets = (
				7D94EF572F3B8846007EA672 /* ECommerce With MVVM */,
				7D94EF642F3B8847007EA672 /* ECommerce With MVVMTests */,
				7D94EF6E2F3B8847007EA672 /* ECommerce With MVVMUITests */,
			);
		};
/* End PBXProject section */

/* Begin PBXResourcesBuildPhase section */
		7D94EF562F3B8846007EA672 /* Resources */ = {
			isa = PBXResourcesBuildPhase;
			buildActionMask = 2147483647;
			files = (
			);
			runOnlyForDeploymentPostprocessing = 0;
		};
		7D94EF632F3B8847007EA672 /* Resources */ = {
			isa = PBXResourcesBuildPhase;
			buildActionMask = 2147483647;
			files = (
			);
			runOnlyForDeploymentPostprocessing = 0;
		};
		7D94EF6D2F3B8847007EA672 /* Resources */ = {
			isa = PBXResourcesBuildPhase;
			buildActionMask = 2147483647;
			files = (
			);
			runOnlyForDeploymentPostprocessing = 0;
		};
/* End PBXResourcesBuildPhase section */

/* Begin PBXSourcesBuildPhase section */
		7D94EF542F3B8846007EA672 /* Sources */ = {
			isa = PBXSourcesBuildPhase;
			buildActionMask = 2147483647;
			files = (
			);
			runOnlyForDeploymentPostprocessing = 0;
		};
		7D94EF612F3B8847007EA672 /* Sources */ = {
			isa = PBXSourcesBuildPhase;
			buildActionMask = 2147483647;
			files = (
			);
			runOnlyForDeploymentPostprocessing = 0;
		};
		7D94EF6B2F3B8847007EA672 /* Sources */ = {
			isa = PBXSourcesBuildPhase;
			buildActionMask = 2147483647;
			files = (
			);
			runOnlyForDeploymentPostprocessing = 0;
		};
/* End PBXSourcesBuildPhase section */

/* Begin PBXTargetDependency section */
		7D94EF672F3B8847007EA672 /* PBXTargetDependency */ = {
			isa = PBXTargetDependency;
			target = 7D94EF572F3B8846007EA672 /* ECommerce With MVVM */;
			targetProxy = 7D94EF662F3B8847007EA672 /* PBXContainerItemProxy */;
		};
		7D94EF712F3B8847007EA672 /* PBXTargetDependency */ = {
			isa = PBXTargetDependency;
			target = 7D94EF572F3B8846007EA672 /* ECommerce With MVVM */;
			targetProxy = 7D94EF702F3B8847007EA672 /* PBXContainerItemProxy */;
		};
/* End PBXTargetDependency section */

/* Begin XCBuildConfiguration section */
		7D94EF772F3B8847007EA672 /* Debug */ = {
			isa = XCBuildConfiguration;
			buildSettings = {
				ALWAYS_SEARCH_USER_PATHS = NO;
				ASSETCATALOG_COMPILER_GENERATE_SWIFT_ASSET_SYMBOL_EXTENSIONS = YES;
				CLANG_ANALYZER_NONNULL = YES;
				CLANG_ANALYZER_NUMBER_OBJECT_CONVERSION = YES_AGGRESSIVE;
				CLANG_CXX_LANGUAGE_STANDARD = "gnu++20";
				CLANG_ENABLE_MODULES = YES;
				CLANG_ENABLE_OBJC_ARC = YES;
				CLANG_ENABLE_OBJC_WEAK = YES;
				CLANG_WARN_BLOCK_CAPTURE_AUTORELEASING = YES;
				CLANG_WARN_BOOL_CONVERSION = YES;
				CLANG_WARN_COMMA = YES;
				CLANG_WARN_CONSTANT_CONVERSION = YES;
				CLANG_WARN_DEPRECATED_OBJC_IMPLEMENTATIONS = YES;
				CLANG_WARN_DIRECT_OBJC_ISA_USAGE = YES_ERROR;
				CLANG_WARN_DOCUMENTATION_COMMENTS = YES;
				CLANG_WARN_EMPTY_BODY = YES;
				CLANG_WARN_ENUM_CONVERSION = YES;
				CLANG_WARN_INFINITE_RECURSION = YES;
				CLANG_WARN_INT_CONVERSION = YES;
				CLANG_WARN_NON_LITERAL_NULL_CONVERSION = YES;
				CLANG_WARN_OBJC_IMPLICIT_RETAIN_SELF = YES;
				CLANG_WARN_OBJC_LITERAL_CONVERSION = YES;
				CLANG_WARN_OBJC_ROOT_CLASS = YES_ERROR;
				CLANG_WARN_QUOTED_INCLUDE_IN_FRAMEWORK_HEADER = YES;
				CLANG_WARN_RANGE_LOOP_ANALYSIS = YES;
				CLANG_WARN_STRICT_PROTOTYPES = YES;
				CLANG_WARN_SUSPICIOUS_MOVE = YES;
				CLANG_WARN_UNGUARDED_AVAILABILITY = YES_AGGRESSIVE;
				CLANG_WARN_UNREACHABLE_CODE = YES;
				CLANG_WARN__DUPLICATE_METHOD_MATCH = YES;
				COPY_PHASE_STRIP = NO;
				DEBUG_INFORMATION_FORMAT = dwarf;
				ENABLE_STRICT_OBJC_MSGSEND = YES;
				ENABLE_TESTABILITY = YES;
				ENABLE_USER_SCRIPT_SANDBOXING = YES;
				GCC_C_LANGUAGE_STANDARD = gnu17;
				GCC_DYNAMIC_NO_PIC = NO;
				GCC_NO_COMMON_BLOCKS = YES;
				GCC_OPTIMIZATION_LEVEL = 0;
				GCC_PREPROCESSOR_DEFINITIONS = (
					"DEBUG=1",
					"$(inherited)",
				);
				GCC_WARN_64_TO_32_BIT_CONVERSION = YES;
				GCC_WARN_ABOUT_RETURN_TYPE = YES_ERROR;
				GCC_WARN_UNDECLARED_SELECTOR = YES;
				GCC_WARN_UNINITIALIZED_AUTOS = YES_AGGRESSIVE;
				GCC_WARN_UNUSED_FUNCTION = YES;
				GCC_WARN_UNUSED_VARIABLE = YES;
				IPHONEOS_DEPLOYMENT_TARGET = 26.2;
				LOCALIZATION_PREFERS_STRING_CATALOGS = YES;
				MTL_ENABLE_DEBUG_INFO = INCLUDE_SOURCE;
				MTL_FAST_MATH = YES;
				ONLY_ACTIVE_ARCH = YES;
				SDKROOT = iphoneos;
				SWIFT_ACTIVE_COMPILATION_CONDITIONS = "DEBUG $(inherited)";
				SWIFT_OPTIMIZATION_LEVEL = "-Onone";
			};
			name = Debug;
		};
		7D94EF782F3B8847007EA672 /* Release */ = {
			isa = XCBuildConfiguration;
			buildSettings = {
				ALWAYS_SEARCH_USER_PATHS = NO;
				ASSETCATALOG_COMPILER_GENERATE_SWIFT_ASSET_SYMBOL_EXTENSIONS = YES;
				CLANG_ANALYZER_NONNULL = YES;
				CLANG_ANALYZER_NUMBER_OBJECT_CONVERSION = YES_AGGRESSIVE;
				CLANG_CXX_LANGUAGE_STANDARD = "gnu++20";
				CLANG_ENABLE_MODULES = YES;
				CLANG_ENABLE_OBJC_ARC = YES;
				CLANG_ENABLE_OBJC_WEAK = YES;
				CLANG_WARN_BLOCK_CAPTURE_AUTORELEASING = YES;
				CLANG_WARN_BOOL_CONVERSION = YES;
				CLANG_WARN_COMMA = YES;
				CLANG_WARN_CONSTANT_CONVERSION = YES;
				CLANG_WARN_DEPRECATED_OBJC_IMPLEMENTATIONS = YES;
				CLANG_WARN_DIRECT_OBJC_ISA_USAGE = YES_ERROR;
				CLANG_WARN_DOCUMENTATION_COMMENTS = YES;
				CLANG_WARN_EMPTY_BODY = YES;
				CLANG_WARN_ENUM_CONVERSION = YES;
				CLANG_WARN_INFINITE_RECURSION = YES;
				CLANG_WARN_INT_CONVERSION = YES;
				CLANG_WARN_NON_LITERAL_NULL_CONVERSION = YES;
				CLANG_WARN_OBJC_IMPLICIT_RETAIN_SELF = YES;
				CLANG_WARN_OBJC_LITERAL_CONVERSION = YES;
				CLANG_WARN_OBJC_ROOT_CLASS = YES_ERROR;
				CLANG_WARN_QUOTED_INCLUDE_IN_FRAMEWORK_HEADER = YES;
				CLANG_WARN_RANGE_LOOP_ANALYSIS = YES;
				CLANG_WARN_STRICT_PROTOTYPES = YES;
				CLANG_WARN_SUSPICIOUS_MOVE = YES;
				CLANG_WARN_UNGUARDED_AVAILABILITY = YES_AGGRESSIVE;
				CLANG_WARN_UNREACHABLE_CODE = YES;
				CLANG_WARN__DUPLICATE_METHOD_MATCH = YES;
				COPY_PHASE_STRIP = NO;
				DEBUG_INFORMATION_FORMAT = "dwarf-with-dsym";
				ENABLE_NS_ASSERTIONS = NO;
				ENABLE_STRICT_OBJC_MSGSEND = YES;
				ENABLE_USER_SCRIPT_SANDBOXING = YES;
				GCC_C_LANGUAGE_STANDARD = gnu17;
				GCC_NO_COMMON_BLOCKS = YES;
				GCC_WARN_64_TO_32_BIT_CONVERSION = YES;
				GCC_WARN_ABOUT_RETURN_TYPE = YES_ERROR;
				GCC_WARN_UNDECLARED_SELECTOR = YES;
				GCC_WARN_UNINITIALIZED_AUTOS = YES_AGGRESSIVE;
				GCC_WARN_UNUSED_FUNCTION = YES;
				GCC_WARN_UNUSED_VARIABLE = YES;
				IPHONEOS_DEPLOYMENT_TARGET = 26.2;
				LOCALIZATION_PREFERS_STRING_CATALOGS = YES;
				MTL_ENABLE_DEBUG_INFO = NO;
				MTL_FAST_MATH = YES;
				SDKROOT = iphoneos;
				SWIFT_COMPILATION_MODE = wholemodule;
				VALIDATE_PRODUCT = YES;
			};
			name = Release;
		};
		7D94EF7A2F3B8847007EA672 /* Debug */ = {
			isa = XCBuildConfiguration;
			buildSettings = {
				ASSETCATALOG_COMPILER_APPICON_NAME = AppIcon;
				ASSETCATALOG_COMPILER_GLOBAL_ACCENT_COLOR_NAME = AccentColor;
				CODE_SIGN_STYLE = Automatic;
				CURRENT_PROJECT_VERSION = 1;
				ENABLE_PREVIEWS = YES;
				GENERATE_INFOPLIST_FILE = YES;
				INFOPLIST_KEY_UIApplicationSceneManifest_Generation = YES;
				INFOPLIST_KEY_UIApplicationSupportsIndirectInputEvents = YES;
				INFOPLIST_KEY_UILaunchScreen_Generation = YES;
				INFOPLIST_KEY_UISupportedInterfaceOrientations_iPad = "UIInterfaceOrientationPortrait UIInterfaceOrientationPortraitUpsideDown UIInterfaceOrientationLandscapeLeft UIInterfaceOrientationLandscapeRight";
				INFOPLIST_KEY_UISupportedInterfaceOrientations_iPhone = "UIInterfaceOrientationPortrait UIInterfaceOrientationLandscapeLeft UIInterfaceOrientationLandscapeRight";
				IPHONEOS_DEPLOYMENT_TARGET = 17.6;
				LD_RUNPATH_SEARCH_PATHS = (
					"$(inherited)",
					"@executable_path/Frameworks",
				);
				MARKETING_VERSION = 1.0;
				PRODUCT_BUNDLE_IDENTIFIER = "com.manideep.ECommerce-With-MVVM";
				PRODUCT_NAME = "$(TARGET_NAME)";
				STRING_CATALOG_GENERATE_SYMBOLS = YES;
				SWIFT_APPROACHABLE_CONCURRENCY = YES;
				SWIFT_DEFAULT_ACTOR_ISOLATION = MainActor;
				SWIFT_EMIT_LOC_STRINGS = YES;
				SWIFT_UPCOMING_FEATURE_MEMBER_IMPORT_VISIBILITY = YES;
				SWIFT_VERSION = 5.0;
				TARGETED_DEVICE_FAMILY = "1,2";
			};
			name = Debug;
		};
		7D94EF7B2F3B8847007EA672 /* Release */ = {
			isa = XCBuildConfiguration;
			buildSettings = {
				ASSETCATALOG_COMPILER_APPICON_NAME = AppIcon;
				ASSETCATALOG_COMPILER_GLOBAL_ACCENT_COLOR_NAME = AccentColor;
				CODE_SIGN_STYLE = Automatic;
				CURRENT_PROJECT_VERSION = 1;
				ENABLE_PREVIEWS = YES;
				GENERATE_INFOPLIST_FILE = YES;
				INFOPLIST_KEY_UIApplicationSceneManifest_Generation = YES;
				INFOPLIST_KEY_UIApplicationSupportsIndirectInputEvents = YES;
				INFOPLIST_KEY_UILaunchScreen_Generation = YES;
				INFOPLIST_KEY_UISupportedInterfaceOrientations_iPad = "UIInterfaceOrientationPortrait UIInterfaceOrientationPortraitUpsideDown UIInterfaceOrientationLandscapeLeft UIInterfaceOrientationLandscapeRight";
				INFOPLIST_KEY_UISupportedInterfaceOrientations_iPhone = "UIInterfaceOrientationPortrait UIInterfaceOrientationLandscapeLeft UIInterfaceOrientationLandscapeRight";
				IPHONEOS_DEPLOYMENT_TARGET = 17.6;
				LD_RUNPATH_SEARCH_PATHS = (
					"$(inherited)",
					"@executable_path/Frameworks",
				);
				MARKETING_VERSION = 1.0;
				PRODUCT_BUNDLE_IDENTIFIER = "com.manideep.ECommerce-With-MVVM";
				PRODUCT_NAME = "$(TARGET_NAME)";
				STRING_CATALOG_GENERATE_SYMBOLS = YES;
				SWIFT_APPROACHABLE_CONCURRENCY = YES;
				SWIFT_DEFAULT_ACTOR_ISOLATION = MainActor;
				SWIFT_EMIT_LOC_STRINGS = YES;
				SWIFT_UPCOMING_FEATURE_MEMBER_IMPORT_VISIBILITY = YES;
				SWIFT_VERSION = 5.0;
				TARGETED_DEVICE_FAMILY = "1,2";
			};
			name = Release;
		};
		7D94EF7D2F3B8847007EA672 /* Debug */ = {
			isa = XCBuildConfiguration;
			buildSettings = {
				BUNDLE_LOADER = "$(TEST_HOST)";
				CODE_SIGN_STYLE = Automatic;
				CURRENT_PROJECT_VERSION = 1;
				GENERATE_INFOPLIST_FILE = YES;
				IPHONEOS_DEPLOYMENT_TARGET = 26.2;
				MARKETING_VERSION = 1.0;
				PRODUCT_BUNDLE_IDENTIFIER = "com.manideep.ECommerce-With-MVVMTests";
				PRODUCT_NAME = "$(TARGET_NAME)";
				STRING_CATALOG_GENERATE_SYMBOLS = NO;
				SWIFT_APPROACHABLE_CONCURRENCY = YES;
				SWIFT_EMIT_LOC_STRINGS = NO;
				SWIFT_UPCOMING_FEATURE_MEMBER_IMPORT_VISIBILITY = YES;
				SWIFT_VERSION = 5.0;
				TARGETED_DEVICE_FAMILY = "1,2";
				TEST_HOST = "$(BUILT_PRODUCTS_DIR)/ECommerce With MVVM.app/$(BUNDLE_EXECUTABLE_FOLDER_PATH)/ECommerce With MVVM";
			};
			name = Debug;
		};
		7D94EF7E2F3B8847007EA672 /* Release */ = {
			isa = XCBuildConfiguration;
			buildSettings = {
				BUNDLE_LOADER = "$(TEST_HOST)";
				CODE_SIGN_STYLE = Automatic;
				CURRENT_PROJECT_VERSION = 1;
				GENERATE_INFOPLIST_FILE = YES;
				IPHONEOS_DEPLOYMENT_TARGET = 26.2;
				MARKETING_VERSION = 1.0;
				PRODUCT_BUNDLE_IDENTIFIER = "com.manideep.ECommerce-With-MVVMTests";
				PRODUCT_NAME = "$(TARGET_NAME)";
				STRING_CATALOG_GENERATE_SYMBOLS = NO;
				SWIFT_APPROACHABLE_CONCURRENCY = YES;
				SWIFT_EMIT_LOC_STRINGS = NO;
				SWIFT_UPCOMING_FEATURE_MEMBER_IMPORT_VISIBILITY = YES;
				SWIFT_VERSION = 5.0;
				TARGETED_DEVICE_FAMILY = "1,2";
				TEST_HOST = "$(BUILT_PRODUCTS_DIR)/ECommerce With MVVM.app/$(BUNDLE_EXECUTABLE_FOLDER_PATH)/ECommerce With MVVM";
			};
			name = Release;
		};
		7D94EF802F3B8847007EA672 /* Debug */ = {
			isa = XCBuildConfiguration;
			buildSettings = {
				CODE_SIGN_STYLE = Automatic;
				CURRENT_PROJECT_VERSION = 1;
				GENERATE_INFOPLIST_FILE = YES;
				MARKETING_VERSION = 1.0;
				PRODUCT_BUNDLE_IDENTIFIER = "com.manideep.ECommerce-With-MVVMUITests";
				PRODUCT_NAME = "$(TARGET_NAME)";
				STRING_CATALOG_GENERATE_SYMBOLS = NO;
				SWIFT_APPROACHABLE_CONCURRENCY = YES;
				SWIFT_EMIT_LOC_STRINGS = NO;
				SWIFT_UPCOMING_FEATURE_MEMBER_IMPORT_VISIBILITY = YES;
				SWIFT_VERSION = 5.0;
				TARGETED_DEVICE_FAMILY = "1,2";
				TEST_TARGET_NAME = "ECommerce With MVVM";
			};
			name = Debug;
		};
		7D94EF812F3B8847007EA672 /* Release */ = {
			isa = XCBuildConfiguration;
			buildSettings = {
				CODE_SIGN_STYLE = Automatic;
				CURRENT_PROJECT_VERSION = 1;
				GENERATE_INFOPLIST_FILE = YES;
				MARKETING_VERSION = 1.0;
				PRODUCT_BUNDLE_IDENTIFIER = "com.manideep.ECommerce-With-MVVMUITests";
				PRODUCT_NAME = "$(TARGET_NAME)";
				STRING_CATALOG_GENERATE_SYMBOLS = NO;
				SWIFT_APPROACHABLE_CONCURRENCY = YES;
				SWIFT_EMIT_LOC_STRINGS = NO;
				SWIFT_UPCOMING_FEATURE_MEMBER_IMPORT_VISIBILITY = YES;
				SWIFT_VERSION = 5.0;
				TARGETED_DEVICE_FAMILY = "1,2";
				TEST_TARGET_NAME = "ECommerce With MVVM";
			};
			name = Release;
		};
/* End XCBuildConfiguration section */

/* Begin XCConfigurationList section */
		7D94EF532F3B8846007EA672 /* Build configuration list for PBXProject "ECommerce With MVVM" */ = {
			isa = XCConfigurationList;
			buildConfigurations = (
				7D94EF772F3B8847007EA672 /* Debug */,
				7D94EF782F3B8847007EA672 /* Release */,
			);
			defaultConfigurationIsVisible = 0;
			defaultConfigurationName = Release;
		};
		7D94EF792F3B8847007EA672 /* Build configuration list for PBXNativeTarget "ECommerce With MVVM" */ = {
			isa = XCConfigurationList;
			buildConfigurations = (
				7D94EF7A2F3B8847007EA672 /* Debug */,
				7D94EF7B2F3B8847007EA672 /* Release */,
			);
			defaultConfigurationIsVisible = 0;
			defaultConfigurationName = Release;
		};
		7D94EF7C2F3B8847007EA672 /* Build configuration list for PBXNativeTarget "ECommerce With MVVMTests" */ = {
			isa = XCConfigurationList;
			buildConfigurations = (
				7D94EF7D2F3B8847007EA672 /* Debug */,
				7D94EF7E2F3B8847007EA672 /* Release */,
			);
			defaultConfigurationIsVisible = 0;
			defaultConfigurationName = Release;
		};
		7D94EF7F2F3B8847007EA672 /* Build configuration list for PBXNativeTarget "ECommerce With MVVMUITests" */ = {
			isa = XCConfigurationList;
			buildConfigurations = (
				7D94EF802F3B8847007EA672 /* Debug */,
				7D94EF812F3B8847007EA672 /* Release */,
			);
			defaultConfigurationIsVisible = 0;
			defaultConfigurationName = Release;
		};
/* End XCConfigurationList section */
	};
	rootObject = 7D94EF502F3B8846007EA672 /* Project object */;
}
